
Microsoft Visual Studio Solution File, Format Version 12.00
# Visual Studio Version 17
VisualStudioVersion = 17.2.32630.192
MinimumVisualStudioVersion = 10.0.40219.1
Project("{9A19103F-16F7-4668-BE54-9A1E7A4F7556}") = "Okta_DotNet_SQL_Injection", "Okta_DotNet_Vulnerabilities\Okta_DotNet_SQL_Injection.csproj", "{D7C1CAA3-AD30-4120-A2B4-91EF93E68630}"
EndProject
Global
	GlobalSection(SolutionConfigurationPlatforms) = preSolution
		Debug|Any CPU = Debug|Any CPU
		Release|Any CPU = Release|Any CPU
	EndGlobalSection
	GlobalSection(ProjectConfigurationPlatforms) = postSolution
		{D7C1CAA3-AD30-4120-A2B4-91EF93E68630}.Debug|Any CPU.ActiveCfg = Debug|Any CPU
		{D7C1CAA3-AD30-4120-A2B4-91EF93E68630}.Debug|Any CPU.Build.0 = Debug|Any CPU
		{D7C1CAA3-AD30-4120-A2B4-91EF93E68630}.Release|Any CPU.ActiveCfg = Release|Any CPU
		{D7C1CAA3-AD30-4120-A2B4-91EF93E68630}.Release|Any CPU.Build.0 = Release|Any CPU
	EndGlobalSection
	GlobalSection(SolutionProperties) = preSolution
		HideSolutionNode = FALSE
	EndGlobalSection
	GlobalSection(ExtensibilityGlobals) = postSolution
		SolutionGuid = {BE82F347-A384-42BD-9EA2-34523E21731D}
	EndGlobalSection
EndGlobal
